// !$*UTF8*$!
{
	archiveVersion = 1;
	classes = {
	};
	objectVersion = 46;
	objects = {

/* Begin PBXBuildFile section */
		1032397E1E6E3754006C93CE /* AppDelegate.swift in Sources */ = {isa = PBXBuildFile; fileRef = 1032397D1E6E3754006C93CE /* AppDelegate.swift */; };
		103239801E6E3754006C93CE /* ViewController.swift in Sources */ = {isa = PBXBuildFile; fileRef = 1032397F1E6E3754006C93CE /* ViewController.swift */; };
		103239831E6E3754006C93CE /* Main.storyboard in Resources */ = {isa = PBXBuildFile; fileRef = 103239811E6E3754006C93CE /* Main.storyboard */; };
		103239851E6E3754006C93CE /* Assets.xcassets in Resources */ = {isa = PBXBuildFile; fileRef = 103239841E6E3754006C93CE /* Assets.xcassets */; };
		103239881E6E3754006C93CE /* LaunchScreen.storyboard in Resources */ = {isa = PBXBuildFile; fileRef = 103239861E6E3754006C93CE /* LaunchScreen.storyboard */; };
		103239901E6E3E4A006C93CE /* pokemon.csv in Resources */ = {isa = PBXBuildFile; fileRef = 1032398F1E6E3E4A006C93CE /* pokemon.csv */; };
		103239921E6E3EC1006C93CE /* Pokemon.swift in Sources */ = {isa = PBXBuildFile; fileRef = 103239911E6E3EC1006C93CE /* Pokemon.swift */; };
		103239971E6E4B33006C93CE /* PokeCell.swift in Sources */ = {isa = PBXBuildFile; fileRef = 103239961E6E4B33006C93CE /* PokeCell.swift */; };
		103239BC1E6F13A1006C93CE /* csv.swift in Sources */ = {isa = PBXBuildFile; fileRef = 103239BB1E6F13A1006C93CE /* csv.swift */; };
		103239C11E6F1C62006C93CE /* music.mp3 in Resources */ = {isa = PBXBuildFile; fileRef = 103239C01E6F1C62006C93CE /* music.mp3 */; };
		103239C51E6F22A3006C93CE /* PokemonDetailVC.swift in Sources */ = {isa = PBXBuildFile; fileRef = 103239C41E6F22A3006C93CE /* PokemonDetailVC.swift */; };
		10323A111E7058E0006C93CE /* PokemonHollow.ttf in Resources */ = {isa = PBXBuildFile; fileRef = 10323A101E7058E0006C93CE /* PokemonHollow.ttf */; };
		10323A131E706533006C93CE /* Constants.swift in Sources */ = {isa = PBXBuildFile; fileRef = 10323A121E706533006C93CE /* Constants.swift */; };
		4529E52EA861B28DB04A59BC /* Pods_Pokedex.framework in Frameworks */ = {isa = PBXBuildFile; fileRef = 9E6B2F14D3A8F7AFFEA73E98 /* Pods_Pokedex.framework */; };
/* End PBXBuildFile section */

/* Begin PBXFileReference section */
		1032397A1E6E3754006C93CE /* Pokedex.app */ = {isa = PBXFileReference; explicitFileType = wrapper.application; includeInIndex = 0; path = Pokedex.app; sourceTree = BUILT_PRODUCTS_DIR; };
		1032397D1E6E3754006C93CE /* AppDelegate.swift */ = {isa = PBXFileReference; lastKnownFileType = sourcecode.swift; path = AppDelegate.swift; sourceTree = "<group>"; };
		1032397F1E6E3754006C93CE /* ViewController.swift */ = {isa = PBXFileReference; lastKnownFileType = sourcecode.swift; path = ViewController.swift; sourceTree = "<group>"; };
		103239821E6E3754006C93CE /* Base */ = {isa = PBXFileReference; lastKnownFileType = file.storyboard; name = Base; path = Base.lproj/Main.storyboard; sourceTree = "<group>"; };
		103239841E6E3754006C93CE /* Assets.xcassets */ = {isa = PBXFileReference; lastKnownFileType = folder.assetcatalog; path = Assets.xcassets; sourceTree = "<group>"; };
		103239871E6E3754006C93CE /* Base */ = {isa = PBXFileReference; lastKnownFileType = file.storyboard; name = Base; path = Base.lproj/LaunchScreen.storyboard; sourceTree = "<group>"; };
		103239891E6E3754006C93CE /* Info.plist */ = {isa = PBXFileReference; lastKnownFileType = text.plist.xml; path = Info.plist; sourceTree = "<group>"; };
		1032398F1E6E3E4A006C93CE /* pokemon.csv */ = {isa = PBXFileReference; fileEncoding = 4; lastKnownFileType = text; path = pokemon.csv; sourceTree = "<group>"; };
		103239911E6E3EC1006C93CE /* Pokemon.swift */ = {isa = PBXFileReference; fileEncoding = 4; lastKnownFileType = sourcecode.swift; path = Pokemon.swift; sourceTree = "<group>"; };
		103239961E6E4B33006C93CE /* PokeCell.swift */ = {isa = PBXFileReference; fileEncoding = 4; lastKnownFileType = sourcecode.swift; path = PokeCell.swift; sourceTree = "<group>"; };
		103239BB1E6F13A1006C93CE /* csv.swift */ = {isa = PBXFileReference; fileEncoding = 4; lastKnownFileType = sourcecode.swift; path = csv.swift; sourceTree = "<group>"; };
		103239BF1E6F1A2D006C93CE /* PokemonSolid.ttf */ = {isa = PBXFileReference; lastKnownFileType = file; path = PokemonSolid.ttf; sourceTree = "<group>"; };
		103239C01E6F1C62006C93CE /* music.mp3 */ = {isa = PBXFileReference; lastKnownFileType = audio.mp3; path = music.mp3; sourceTree = "<group>"; };
		103239C41E6F22A3006C93CE /* PokemonDetailVC.swift */ = {isa = PBXFileReference; fileEncoding = 4; lastKnownFileType = sourcecode.swift; path = PokemonDetailVC.swift; sourceTree = "<group>"; };
		10323A101E7058E0006C93CE /* PokemonHollow.ttf */ = {isa = PBXFileReference; lastKnownFileType = file; path = PokemonHollow.ttf; sourceTree = "<group>"; };
		10323A121E706533006C93CE /* Constants.swift */ = {isa = PBXFileReference; fileEncoding = 4; lastKnownFileType = sourcecode.swift; path = Constants.swift; sourceTree = "<group>"; };
		9E6B2F14D3A8F7AFFEA73E98 /* Pods_Pokedex.framework */ = {isa = PBXFileReference; explicitFileType = wrapper.framework; includeInIndex = 0; path = Pods_Pokedex.framework; sourceTree = BUILT_PRODUCTS_DIR; };
		D8066C32E9F4CBA2A075A7AD /* Pods-Pokedex.debug.xcconfig */ = {isa = PBXFileReference; includeInIndex = 1; lastKnownFileType = text.xcconfig; name = "Pods-Pokedex.debug.xcconfig"; path = "Pods/Target Support Files/Pods-Pokedex/Pods-Pokedex.debug.xcconfig"; sourceTree = "<group>"; };
		E313A074200CF56D864E04DF /* Pods-Pokedex.release.xcconfig */ = {isa = PBXFileReference; includeInIndex = 1; lastKnownFileType = text.xcconfig; name = "Pods-Pokedex.release.xcconfig"; path = "Pods/Target Support Files/Pods-Pokedex/Pods-Pokedex.release.xcconfig"; sourceTree = "<group>"; };
/* End PBXFileReference section */

/* Begin PBXFrameworksBuildPhase section */
		103239771E6E3754006C93CE /* Frameworks */ = {
			isa = PBXFrameworksBuildPhase;
			buildActionMask = 2147483647;
			files = (
				4529E52EA861B28DB04A59BC /* Pods_Pokedex.framework in Frameworks */,
			);
			runOnlyForDeploymentPostprocessing = 0;
		};
/* End PBXFrameworksBuildPhase section */

/* Begin PBXGroup section */
		103239711E6E3754006C93CE = {
			isa = PBXGroup;
			children = (
				1032397C1E6E3754006C93CE /* Pokedex */,
				1032397B1E6E3754006C93CE /* Products */,
				C19E3CA6C6B41AB1C254E4F8 /* Pods */,
				5D4F09A2B04D89CDD4D75990 /* Frameworks */,
			);
			sourceTree = "<group>";
		};
		1032397B1E6E3754006C93CE /* Products */ = {
			isa = PBXGroup;
			children = (
				1032397A1E6E3754006C93CE /* Pokedex.app */,
			);
			name = Products;
			sourceTree = "<group>";
		};
		1032397C1E6E3754006C93CE /* Pokedex */ = {
			isa = PBXGroup;
			children = (
				103239951E6E3ECE006C93CE /* Model */,
				103239941E6E3ECB006C93CE /* View */,
				103239931E6E3EC6006C93CE /* Controller */,
				103239BE1E6F1726006C93CE /* Resources */,
				103239BD1E6F1717006C93CE /* Utilities */,
				1032397D1E6E3754006C93CE /* AppDelegate.swift */,
				103239811E6E3754006C93CE /* Main.storyboard */,
				103239841E6E3754006C93CE /* Assets.xcassets */,
				103239861E6E3754006C93CE /* LaunchScreen.storyboard */,
				103239891E6E3754006C93CE /* Info.plist */,
			);
			path = Pokedex;
			sourceTree = "<group>";
		};
		103239931E6E3EC6006C93CE /* Controller */ = {
			isa = PBXGroup;
			children = (
				1032397F1E6E3754006C93CE /* ViewController.swift */,
				103239C41E6F22A3006C93CE /* PokemonDetailVC.swift */,
			);
			name = Controller;
			sourceTree = "<group>";
		};
		103239941E6E3ECB006C93CE /* View */ = {
			isa = PBXGroup;
			children = (
				103239961E6E4B33006C93CE /* PokeCell.swift */,
			);
			name = View;
			sourceTree = "<group>";
		};
		103239951E6E3ECE006C93CE /* Model */ = {
			isa = PBXGroup;
			children = (
				103239911E6E3EC1006C93CE /* Pokemon.swift */,
			);
			name = Model;
			sourceTree = "<group>";
		};
		103239BD1E6F1717006C93CE /* Utilities */ = {
			isa = PBXGroup;
			children = (
				103239BB1E6F13A1006C93CE /* csv.swift */,
				10323A121E706533006C93CE /* Constants.swift */,
			);
			name = Utilities;
			sourceTree = "<group>";
		};
		103239BE1E6F1726006C93CE /* Resources */ = {
			isa = PBXGroup;
			children = (
				10323A101E7058E0006C93CE /* PokemonHollow.ttf */,
				103239BF1E6F1A2D006C93CE /* PokemonSolid.ttf */,
				103239C01E6F1C62006C93CE /* music.mp3 */,
				1032398F1E6E3E4A006C93CE /* pokemon.csv */,
			);
			name = Resources;
			sourceTree = "<group>";
		};
		5D4F09A2B04D89CDD4D75990 /* Frameworks */ = {
			isa = PBXGroup;
			children = (
				9E6B2F14D3A8F7AFFEA73E98 /* Pods_Pokedex.framework */,
			);
			name = Frameworks;
			sourceTree = "<group>";
		};
		C19E3CA6C6B41AB1C254E4F8 /* Pods */ = {
			isa = PBXGroup;
			children = (
				D8066C32E9F4CBA2A075A7AD /* Pods-Pokedex.debug.xcconfig */,
				E313A074200CF56D864E04DF /* Pods-Pokedex.release.xcconfig */,
			);
			name = Pods;
			sourceTree = "<group>";
		};
/* End PBXGroup section */

/* Begin PBXNativeTarget section */
		103239791E6E3754006C93CE /* Pokedex */ = {
			isa = PBXNativeTarget;
			buildConfigurationList = 1032398C1E6E3754006C93CE /* Build configuration list for PBXNativeTarget "Pokedex" */;
			buildPhases = (
				0B0587E652C309E69EEECE14 /* [CP] Check Pods Manifest.lock */,
				103239761E6E3754006C93CE /* Sources */,
				103239771E6E3754006C93CE /* Frameworks */,
				103239781E6E3754006C93CE /* Resources */,
				79BD5EDCF3FD978A94D2106E /* [CP] Embed Pods Frameworks */,
				C238B99A675954256D4FE710 /* [CP] Copy Pods Resources */,
			);
			buildRules = (
			);
			dependencies = (
			);
			name = Pokedex;
			productName = Pokedex;
			productReference = 1032397A1E6E3754006C93CE /* Pokedex.app */;
			productType = "com.apple.product-type.application";
		};
/* End PBXNativeTarget section */

/* Begin PBXProject section */
		103239721E6E3754006C93CE /* Project object */ = {
			isa = PBXProject;
			attributes = {
				LastSwiftUpdateCheck = 0820;
				LastUpgradeCheck = 0820;
				ORGANIZATIONNAME = "Mohammad Hemani";
				TargetAttributes = {
					103239791E6E3754006C93CE = {
						CreatedOnToolsVersion = 8.2.1;
						ProvisioningStyle = Automatic;
					};
				};
			};
			buildConfigurationList = 103239751E6E3754006C93CE /* Build configuration list for PBXProject "Pokedex" */;
			compatibilityVersion = "Xcode 3.2";
			developmentRegion = English;
			hasScannedForEncodings = 0;
			knownRegions = (
				en,
				Base,
			);
			mainGroup = 103239711E6E3754006C93CE;
			productRefGroup = 1032397B1E6E3754006C93CE /* Products */;
			projectDirPath = "";
			projectRoot = "";
			targets = (
				103239791E6E3754006C93CE /* Pokedex */,
			);
		};
/* End PBXProject section */

/* Begin PBXResourcesBuildPhase section */
		103239781E6E3754006C93CE /* Resources */ = {
			isa = PBXResourcesBuildPhase;
			buildActionMask = 2147483647;
			files = (
				103239C11E6F1C62006C93CE /* music.mp3 in Resources */,
				103239881E6E3754006C93CE /* LaunchScreen.storyboard in Resources */,
				10323A111E7058E0006C93CE /* PokemonHollow.ttf in Resources */,
				103239851E6E3754006C93CE /* Assets.xcassets in Resources */,
				103239901E6E3E4A006C93CE /* pokemon.csv in Resources */,
				103239831E6E3754006C93CE /* Main.storyboard in Resources */,
			);
			runOnlyForDeploymentPostprocessing = 0;
		};
/* End PBXResourcesBuildPhase section */

/* Begin PBXShellScriptBuildPhase section */
		0B0587E652C309E69EEECE14 /* [CP] Check Pods Manifest.lock */ = {
			isa = PBXShellScriptBuildPhase;
			buildActionMask = 2147483647;
			files = (
			);
			inputPaths = (
			);
			name = "[CP] Check Pods Manifest.lock";
			outputPaths = (
			);
			runOnlyForDeploymentPostprocessing = 0;
			shellPath = /bin/sh;
			shellScript = "diff \"${PODS_ROOT}/../Podfile.lock\" \"${PODS_ROOT}/Manifest.lock\" > /dev/null\nif [ $? != 0 ] ; then\n    # print error to STDERR\n    echo \"error: The sandbox is not in sync with the Podfile.lock. Run 'pod install' or update your CocoaPods installation.\" >&2\n    exit 1\nfi\n";
			showEnvVarsInLog = 0;
		};
		79BD5EDCF3FD978A94D2106E /* [CP] Embed Pods Frameworks */ = {
			isa = PBXShellScriptBuildPhase;
			buildActionMask = 2147483647;
			files = (
			);
			inputPaths = (
			);
			name = "[CP] Embed Pods Frameworks";
			outputPaths = (
			);
			runOnlyForDeploymentPostprocessing = 0;
			shellPath = /bin/sh;
			shellScript = "\"${SRCROOT}/Pods/Target Support Files/Pods-Pokedex/Pods-Pokedex-frameworks.sh\"\n";
			showEnvVarsInLog = 0;
		};
		C238B99A675954256D4FE710 /* [CP] Copy Pods Resources */ = {
			isa = PBXShellScriptBuildPhase;
			buildActionMask = 2147483647;
			files = (
			);
			inputPaths = (
			);
			name = "[CP] Copy Pods Resources";
			outputPaths = (
			);
			runOnlyForDeploymentPostprocessing = 0;
			shellPath = /bin/sh;
			shellScript = "\"${SRCROOT}/Pods/Target Support Files/Pods-Pokedex/Pods-Pokedex-resources.sh\"\n";
			showEnvVarsInLog = 0;
		};
/* End PBXShellScriptBuildPhase section */

/* Begin PBXSourcesBuildPhase section */
		103239761E6E3754006C93CE /* Sources */ = {
			isa = PBXSourcesBuildPhase;
			buildActionMask = 2147483647;
			files = (
				103239971E6E4B33006C93CE /* PokeCell.swift in Sources */,
				103239801E6E3754006C93CE /* ViewController.swift in Sources */,
				1032397E1E6E3754006C93CE /* AppDelegate.swift in Sources */,
				103239C51E6F22A3006C93CE /* PokemonDetailVC.swift in Sources */,
				10323A131E706533006C93CE /* Constants.swift in Sources */,
				103239921E6E3EC1006C93CE /* Pokemon.swift in Sources */,
				103239BC1E6F13A1006C93CE /* csv.swift in Sources */,
			);
			runOnlyForDeploymentPostprocessing = 0;
		};
/* End PBXSourcesBuildPhase section */

/* Begin PBXVariantGroup section */
		103239811E6E3754006C93CE /* Main.storyboard */ = {
			isa = PBXVariantGroup;
			children = (
				103239821E6E3754006C93CE /* Base */,
			);
			name = Main.storyboard;
			sourceTree = "<group>";
		};
		103239861E6E3754006C93CE /* LaunchScreen.storyboard */ = {
			isa = PBXVariantGroup;
			children = (
				103239871E6E3754006C93CE /* Base */,
			);
			name = LaunchScreen.storyboard;
			sourceTree = "<group>";
		};
/* End PBXVariantGroup section */

/* Begin XCBuildConfiguration section */
		1032398A1E6E3754006C93CE /* Debug */ = {
			isa = XCBuildConfiguration;
			buildSettings = {
				ALWAYS_SEARCH_USER_PATHS = NO;
				CLANG_ANALYZER_NONNULL = YES;
				CLANG_CXX_LANGUAGE_STANDARD = "gnu++0x";
				CLANG_CXX_LIBRARY = "libc++";
				CLANG_ENABLE_MODULES = YES;
				CLANG_ENABLE_OBJC_ARC = YES;
				CLANG_WARN_BOOL_CONVERSION = YES;
				CLANG_WARN_CONSTANT_CONVERSION = YES;
				CLANG_WARN_DIRECT_OBJC_ISA_USAGE = YES_ERROR;
				CLANG_WARN_DOCUMENTATION_COMMENTS = YES;
				CLANG_WARN_EMPTY_BODY = YES;
				CLANG_WARN_ENUM_CONVERSION = YES;
				CLANG_WARN_INFINITE_RECURSION = YES;
				CLANG_WARN_INT_CONVERSION = YES;
				CLANG_WARN_OBJC_ROOT_CLASS = YES_ERROR;
				CLANG_WARN_SUSPICIOUS_MOVE = YES;
				CLANG_WARN_UNREACHABLE_CODE = YES;
				CLANG_WARN__DUPLICATE_METHOD_MATCH = YES;
				"CODE_SIGN_IDENTITY[sdk=iphoneos*]" = "iPhone Developer";
				COPY_PHASE_STRIP = NO;
				DEBUG_INFORMATION_FORMAT = dwarf;
				ENABLE_STRICT_OBJC_MSGSEND = YES;
				ENABLE_TESTABILITY = YES;
				GCC_C_LANGUAGE_STANDARD = gnu99;
				GCC_DYNAMIC_NO_PIC = NO;
				GCC_NO_COMMON_BLOCKS = YES;
				GCC_OPTIMIZATION_LEVEL = 0;
				GCC_PREPROCESSOR_DEFINITIONS = (
					"DEBUG=1",
					"$(inherited)",
				);
				GCC_WARN_64_TO_32_BIT_CONVERSION = YES;
				GCC_WARN_ABOUT_RETURN_TYPE = YES_ERROR;
				GCC_WARN_UNDECLARED_SELECTOR = YES;
				GCC_WARN_UNINITIALIZED_AUTOS = YES_AGGRESSIVE;
				GCC_WARN_UNUSED_FUNCTION = YES;
				GCC_WARN_UNUSED_VARIABLE = YES;
				IPHONEOS_DEPLOYMENT_TARGET = 10.2;
				MTL_ENABLE_DEBUG_INFO = YES;
				ONLY_ACTIVE_ARCH = YES;
				SDKROOT = iphoneos;
				SWIFT_ACTIVE_COMPILATION_CONDITIONS = DEBUG;
				SWIFT_OPTIMIZATION_LEVEL = "-Onone";
				TARGETED_DEVICE_FAMILY = "1,2";
			};
			name = Debug;
		};
		1032398B1E6E3754006C93CE /* Release */ = {
			isa = XCBuildConfiguration;
			buildSettings = {
				ALWAYS_SEARCH_USER_PATHS = NO;
				CLANG_ANALYZER_NONNULL = YES;
				CLANG_CXX_LANGUAGE_STANDARD = "gnu++0x";
				CLANG_CXX_LIBRARY = "libc++";
				CLANG_ENABLE_MODULES = YES;
				CLANG_ENABLE_OBJC_ARC = YES;
				CLANG_WARN_BOOL_CONVERSION = YES;
				CLANG_WARN_CONSTANT_CONVERSION = YES;
				CLANG_WARN_DIRECT_OBJC_ISA_USAGE = YES_ERROR;
				CLANG_WARN_DOCUMENTATION_COMMENTS = YES;
				CLANG_WARN_EMPTY_BODY = YES;
				CLANG_WARN_ENUM_CONVERSION = YES;
				CLANG_WARN_INFINITE_RECURSION = YES;
				CLANG_WARN_INT_CONVERSION = YES;
				CLANG_WARN_OBJC_ROOT_CLASS = YES_ERROR;
				CLANG_WARN_SUSPICIOUS_MOVE = YES;
				CLANG_WARN_UNREACHABLE_CODE = YES;
				CLANG_WARN__DUPLICATE_METHOD_MATCH = YES;
				"CODE_SIGN_IDENTITY[sdk=iphoneos*]" = "iPhone Developer";
				COPY_PHASE_STRIP = NO;
				DEBUG_INFORMATION_FORMAT = "dwarf-with-dsym";
				ENABLE_NS_ASSERTIONS = NO;
				ENABLE_STRICT_OBJC_MSGSEND = YES;
				GCC_C_LANGUAGE_STANDARD = gnu99;
				GCC_NO_COMMON_BLOCKS = YES;
				GCC_WARN_64_TO_32_BIT_CONVERSION = YES;
				GCC_WARN_ABOUT_RETURN_TYPE = YES_ERROR;
				GCC_WARN_UNDECLARED_SELECTOR = YES;
				GCC_WARN_UNINITIALIZED_AUTOS = YES_AGGRESSIVE;
				GCC_WARN_UNUSED_FUNCTION = YES;
				GCC_WARN_UNUSED_VARIABLE = YES;
				IPHONEOS_DEPLOYMENT_TARGET = 10.2;
				MTL_ENABLE_DEBUG_INFO = NO;
				SDKROOT = iphoneos;
				SWIFT_OPTIMIZATION_LEVEL = "-Owholemodule";
				TARGETED_DEVICE_FAMILY = "1,2";
				VALIDATE_PRODUCT = YES;
			};
			name = Release;
		};
		1032398D1E6E3754006C93CE /* Debug */ = {
			isa = XCBuildConfiguration;
			baseConfigurationReference = D8066C32E9F4CBA2A075A7AD /* Pods-Pokedex.debug.xcconfig */;
			buildSettings = {
				ASSETCATALOG_COMPILER_APPICON_NAME = AppIcon;
				INFOPLIST_FILE = Pokedex/Info.plist;
				LD_RUNPATH_SEARCH_PATHS = "$(inherited) @executable_path/Frameworks";
				PRODUCT_BUNDLE_IDENTIFIER = com.mshayanh13.Pokedex;
				PRODUCT_NAME = "$(TARGET_NAME)";
				SWIFT_VERSION = 3.0;
			};
			name = Debug;
		};
		1032398E1E6E3754006C93CE /* Release */ = {
			isa = XCBuildConfiguration;
			baseConfigurationReference = E313A074200CF56D864E04DF /* Pods-Pokedex.release.xcconfig */;
			buildSettings = {
				ASSETCATALOG_COMPILER_APPICON_NAME = AppIcon;
				INFOPLIST_FILE = Pokedex/Info.plist;
				LD_RUNPATH_SEARCH_PATHS = "$(inherited) @executable_path/Frameworks";
				PRODUCT_BUNDLE_IDENTIFIER = com.mshayanh13.Pokedex;
				PRODUCT_NAME = "$(TARGET_NAME)";
				SWIFT_VERSION = 3.0;
			};
			name = Release;
		};
/* End XCBuildConfiguration section */

/* Begin XCConfigurationList section */
		103239751E6E3754006C93CE /* Build configuration list for PBXProject "Pokedex" */ = {
			isa = XCConfigurationList;
			buildConfigurations = (
				1032398A1E6E3754006C93CE /* Debug */,
				1032398B1E6E3754006C93CE /* Release */,
			);
			defaultConfigurationIsVisible = 0;
			defaultConfigurationName = Release;
		};
		1032398C1E6E3754006C93CE /* Build configuration list for PBXNativeTarget "Pokedex" */ = {
			isa = XCConfigurationList;
			buildConfigurations = (
				1032398D1E6E3754006C93CE /* Debug */,
				1032398E1E6E3754006C93CE /* Release */,
			);
			defaultConfigurationIsVisible = 0;
			defaultConfigurationName = Release;
		};
/* End XCConfigurationList section */
	};
	rootObject = 103239721E6E3754006C93CE /* Project object */;
}
